
Microsoft Visual Studio Solution File, Format Version 12.00
# Visual Studio Version 16
VisualStudioVersion = 16.0.30320.27
MinimumVisualStudioVersion = 10.0.40219.1
Project("{9A19103F-16F7-4668-BE54-9A1E7A4F7556}") = "E2ETests", "E2ETests\E2ETests.csproj", "{B9EE3B6F-7DAE-4AB2-B057-38846FDFEF1B}"
EndProject
Project("{2150E333-8FDC-42A3-9474-1A3956D46DE8}") = "Solution Items", "Solution Items", "{34B187EB-F37C-415B-8271-8C4A84622A0E}"
	ProjectSection(SolutionItems) = preProject
		..\..\..\.editorconfig = ..\..\..\.editorconfig
		README.adoc = README.adoc
	EndProjectSection
EndProject
Global
	GlobalSection(SolutionConfigurationPlatforms) = preSolution
		Debug|Any CPU = Debug|Any CPU
		Release|Any CPU = Release|Any CPU
	EndGlobalSection
	GlobalSection(ProjectConfigurationPlatforms) = postSolution
		{B9EE3B6F-7DAE-4AB2-B057-38846FDFEF1B}.Debug|Any CPU.ActiveCfg = Debug|Any CPU
		{B9EE3B6F-7DAE-4AB2-B057-38846FDFEF1B}.Debug|Any CPU.Build.0 = Debug|Any CPU
		{B9EE3B6F-7DAE-4AB2-B057-38846FDFEF1B}.Release|Any CPU.ActiveCfg = Release|Any CPU
		{B9EE3B6F-7DAE-4AB2-B057-38846FDFEF1B}.Release|Any CPU.Build.0 = Release|Any CPU
	EndGlobalSection
	GlobalSection(SolutionProperties) = preSolution
		HideSolutionNode = FALSE
	EndGlobalSection
	GlobalSection(ExtensibilityGlobals) = postSolution
		SolutionGuid = {D15AC6EA-516F-4E87-86C8-332EF275CEC6}
	EndGlobalSection
EndGlobal
